// !$*UTF8*$!
{
	archiveVersion = 1;
	classes = {
	};
	objectVersion = 50;
	objects = {

/* Begin PBXBuildFile section */
		233979738CBC75BB895079DF /* Pods_KronosUITests.framework in Frameworks */ = {isa = PBXBuildFile; fileRef = 4DEBD48E60D2133234D3B8DA /* Pods_KronosUITests.framework */; };
		68A8ACDE59F97F13F4C3321D /* Pods_Kronos.framework in Frameworks */ = {isa = PBXBuildFile; fileRef = 3936D797434DE72A04D376AD /* Pods_Kronos.framework */; };
		9924204C2108E68600148D38 /* Kronos.xcdatamodeld in Sources */ = {isa = PBXBuildFile; fileRef = 9924204A2108E68600148D38 /* Kronos.xcdatamodeld */; };
		9924204E2108F2BD00148D38 /* ExercisesViewController.swift in Sources */ = {isa = PBXBuildFile; fileRef = 9924204D2108F2BD00148D38 /* ExercisesViewController.swift */; };
		992420502108F4FE00148D38 /* TableViewCell.swift in Sources */ = {isa = PBXBuildFile; fileRef = 9924204F2108F4FE00148D38 /* TableViewCell.swift */; };
		992420522109251800148D38 /* CoreDataHelper.swift in Sources */ = {isa = PBXBuildFile; fileRef = 992420512109251800148D38 /* CoreDataHelper.swift */; };
		993C63ED2118E71F00056A48 /* MainNavigationViewController.swift in Sources */ = {isa = PBXBuildFile; fileRef = 993C63EC2118E71F00056A48 /* MainNavigationViewController.swift */; };
		9954837A211E09110031EB98 /* SettingsTableViewController.swift in Sources */ = {isa = PBXBuildFile; fileRef = 99548379211E09110031EB98 /* SettingsTableViewController.swift */; };
		9954837C211E1BBF0031EB98 /* ThirdPartySoftwareViewController.swift in Sources */ = {isa = PBXBuildFile; fileRef = 9954837B211E1BBF0031EB98 /* ThirdPartySoftwareViewController.swift */; };
		9972F66E2113A63C00CE6E7C /* AddExercisesViewController.swift in Sources */ = {isa = PBXBuildFile; fileRef = 9972F66D2113A63C00CE6E7C /* AddExercisesViewController.swift */; };
		99776BE2211234C9005B9C63 /* background@2x.png in Resources */ = {isa = PBXBuildFile; fileRef = 99776BDF211234C8005B9C63 /* background@2x.png */; };
		99776BE3211234C9005B9C63 /* background@3x.png in Resources */ = {isa = PBXBuildFile; fileRef = 99776BE0211234C8005B9C63 /* background@3x.png */; };
		99776BE4211234C9005B9C63 /* background.png in Resources */ = {isa = PBXBuildFile; fileRef = 99776BE1211234C8005B9C63 /* background.png */; };
		99A978A92113A790002E8A4F /* ExerciseTableViewCell.swift in Sources */ = {isa = PBXBuildFile; fileRef = 99A978A82113A790002E8A4F /* ExerciseTableViewCell.swift */; };
		99A978B02114EFFD002E8A4F /* NewWorkoutViewController.swift in Sources */ = {isa = PBXBuildFile; fileRef = 99A978AF2114EFFD002E8A4F /* NewWorkoutViewController.swift */; };
		99AB76B82113969000FC94A2 /* WorkoutsViewController.swift in Sources */ = {isa = PBXBuildFile; fileRef = 99AB76B72113969000FC94A2 /* WorkoutsViewController.swift */; };
		99AB76BA211396BA00FC94A2 /* WorkoutTableViewCell.swift in Sources */ = {isa = PBXBuildFile; fileRef = 99AB76B9211396BA00FC94A2 /* WorkoutTableViewCell.swift */; };
		99D3B57A2110DCC400BC391A /* Storyboard+Extension.swift in Sources */ = {isa = PBXBuildFile; fileRef = 99D3B5792110DCC400BC391A /* Storyboard+Extension.swift */; };
		99D80D2521064A1000716921 /* AppDelegate.swift in Sources */ = {isa = PBXBuildFile; fileRef = 99D80D2421064A1000716921 /* AppDelegate.swift */; };
		99D80D2A21064A1000716921 /* Main.storyboard in Resources */ = {isa = PBXBuildFile; fileRef = 99D80D2821064A1000716921 /* Main.storyboard */; };
		99D80D2C21064A1100716921 /* Assets.xcassets in Resources */ = {isa = PBXBuildFile; fileRef = 99D80D2B21064A1100716921 /* Assets.xcassets */; };
		99D80D2F21064A1100716921 /* LaunchScreen.storyboard in Resources */ = {isa = PBXBuildFile; fileRef = 99D80D2D21064A1100716921 /* LaunchScreen.storyboard */; };
		99D80D3A21064A1100716921 /* KronosTests.swift in Sources */ = {isa = PBXBuildFile; fileRef = 99D80D3921064A1100716921 /* KronosTests.swift */; };
		99D80D4521064A1100716921 /* KronosUITests.swift in Sources */ = {isa = PBXBuildFile; fileRef = 99D80D4421064A1100716921 /* KronosUITests.swift */; };
		99E324EC21068F1E00BB3CC2 /* TimerViewController.swift in Sources */ = {isa = PBXBuildFile; fileRef = 99E324EB21068F1E00BB3CC2 /* TimerViewController.swift */; };
		99E324F32107CBC800BB3CC2 /* SecondsPerSetViewController.swift in Sources */ = {isa = PBXBuildFile; fileRef = 99E324F22107CBC800BB3CC2 /* SecondsPerSetViewController.swift */; };
		99EE5E5421192D7E003E504C /* CollectionViewCell.swift in Sources */ = {isa = PBXBuildFile; fileRef = 99EE5E5321192D7E003E504C /* CollectionViewCell.swift */; };
		99EE5E5621192DC6003E504C /* CollectionViewController.swift in Sources */ = {isa = PBXBuildFile; fileRef = 99EE5E5521192DC6003E504C /* CollectionViewController.swift */; };
		99F514E1210A84B000798833 /* UIView+Extension.swift in Sources */ = {isa = PBXBuildFile; fileRef = 99F514E0210A84B000798833 /* UIView+Extension.swift */; };
		99F514E4210B720100798833 /* Constants.swift in Sources */ = {isa = PBXBuildFile; fileRef = 99F514E3210B720100798833 /* Constants.swift */; };
		D0DAB9DEE1CA44F47266ACA0 /* Pods_KronosTests.framework in Frameworks */ = {isa = PBXBuildFile; fileRef = 91F4BD832340890A09385CBF /* Pods_KronosTests.framework */; };
/* End PBXBuildFile section */

/* Begin PBXContainerItemProxy section */
		99D80D3621064A1100716921 /* PBXContainerItemProxy */ = {
			isa = PBXContainerItemProxy;
			containerPortal = 99D80D1921064A1000716921 /* Project object */;
			proxyType = 1;
			remoteGlobalIDString = 99D80D2021064A1000716921;
			remoteInfo = Kronos;
		};
		99D80D4121064A1100716921 /* PBXContainerItemProxy */ = {
			isa = PBXContainerItemProxy;
			containerPortal = 99D80D1921064A1000716921 /* Project object */;
			proxyType = 1;
			remoteGlobalIDString = 99D80D2021064A1000716921;
			remoteInfo = Kronos;
		};
/* End PBXContainerItemProxy section */

/* Begin PBXFileReference section */
		02C1A96A0B6EC265D628CA8D /* Pods-KronosTests.debug.xcconfig */ = {isa = PBXFileReference; includeInIndex = 1; lastKnownFileType = text.xcconfig; name = "Pods-KronosTests.debug.xcconfig"; path = "Pods/Target Support Files/Pods-KronosTests/Pods-KronosTests.debug.xcconfig"; sourceTree = "<group>"; };
		04405AD5D95720B9549EA31B /* Pods-KronosTests.release.xcconfig */ = {isa = PBXFileReference; includeInIndex = 1; lastKnownFileType = text.xcconfig; name = "Pods-KronosTests.release.xcconfig"; path = "Pods/Target Support Files/Pods-KronosTests/Pods-KronosTests.release.xcconfig"; sourceTree = "<group>"; };
		3936D797434DE72A04D376AD /* Pods_Kronos.framework */ = {isa = PBXFileReference; explicitFileType = wrapper.framework; includeInIndex = 0; path = Pods_Kronos.framework; sourceTree = BUILT_PRODUCTS_DIR; };
		4DEBD48E60D2133234D3B8DA /* Pods_KronosUITests.framework */ = {isa = PBXFileReference; explicitFileType = wrapper.framework; includeInIndex = 0; path = Pods_KronosUITests.framework; sourceTree = BUILT_PRODUCTS_DIR; };
		5478D6FEFCBC396E32198432 /* Pods-Kronos.release.xcconfig */ = {isa = PBXFileReference; includeInIndex = 1; lastKnownFileType = text.xcconfig; name = "Pods-Kronos.release.xcconfig"; path = "Pods/Target Support Files/Pods-Kronos/Pods-Kronos.release.xcconfig"; sourceTree = "<group>"; };
		55D021CC023B1C4B689292D1 /* Pods-KronosUITests.debug.xcconfig */ = {isa = PBXFileReference; includeInIndex = 1; lastKnownFileType = text.xcconfig; name = "Pods-KronosUITests.debug.xcconfig"; path = "Pods/Target Support Files/Pods-KronosUITests/Pods-KronosUITests.debug.xcconfig"; sourceTree = "<group>"; };
		55F19679565A3EF51699DF36 /* Pods-Kronos.debug.xcconfig */ = {isa = PBXFileReference; includeInIndex = 1; lastKnownFileType = text.xcconfig; name = "Pods-Kronos.debug.xcconfig"; path = "Pods/Target Support Files/Pods-Kronos/Pods-Kronos.debug.xcconfig"; sourceTree = "<group>"; };
		7048364AB978303D7D8B37E1 /* Pods-KronosUITests.release.xcconfig */ = {isa = PBXFileReference; includeInIndex = 1; lastKnownFileType = text.xcconfig; name = "Pods-KronosUITests.release.xcconfig"; path = "Pods/Target Support Files/Pods-KronosUITests/Pods-KronosUITests.release.xcconfig"; sourceTree = "<group>"; };
		91F4BD832340890A09385CBF /* Pods_KronosTests.framework */ = {isa = PBXFileReference; explicitFileType = wrapper.framework; includeInIndex = 0; path = Pods_KronosTests.framework; sourceTree = BUILT_PRODUCTS_DIR; };
		9924204B2108E68600148D38 /* Kronos.xcdatamodel */ = {isa = PBXFileReference; lastKnownFileType = wrapper.xcdatamodel; path = Kronos.xcdatamodel; sourceTree = "<group>"; };
		9924204D2108F2BD00148D38 /* ExercisesViewController.swift */ = {isa = PBXFileReference; lastKnownFileType = sourcecode.swift; path = ExercisesViewController.swift; sourceTree = "<group>"; };
		9924204F2108F4FE00148D38 /* TableViewCell.swift */ = {isa = PBXFileReference; lastKnownFileType = sourcecode.swift; path = TableViewCell.swift; sourceTree = "<group>"; };
		992420512109251800148D38 /* CoreDataHelper.swift */ = {isa = PBXFileReference; lastKnownFileType = sourcecode.swift; path = CoreDataHelper.swift; sourceTree = "<group>"; };
		993C63EC2118E71F00056A48 /* MainNavigationViewController.swift */ = {isa = PBXFileReference; lastKnownFileType = sourcecode.swift; path = MainNavigationViewController.swift; sourceTree = "<group>"; };
		99548379211E09110031EB98 /* SettingsTableViewController.swift */ = {isa = PBXFileReference; lastKnownFileType = sourcecode.swift; path = SettingsTableViewController.swift; sourceTree = "<group>"; };
		9954837B211E1BBF0031EB98 /* ThirdPartySoftwareViewController.swift */ = {isa = PBXFileReference; lastKnownFileType = sourcecode.swift; path = ThirdPartySoftwareViewController.swift; sourceTree = "<group>"; };
		9972F66D2113A63C00CE6E7C /* AddExercisesViewController.swift */ = {isa = PBXFileReference; lastKnownFileType = sourcecode.swift; path = AddExercisesViewController.swift; sourceTree = "<group>"; };
		99776BDF211234C8005B9C63 /* background@2x.png */ = {isa = PBXFileReference; lastKnownFileType = image.png; path = "background@2x.png"; sourceTree = "<group>"; };
		99776BE0211234C8005B9C63 /* background@3x.png */ = {isa = PBXFileReference; lastKnownFileType = image.png; path = "background@3x.png"; sourceTree = "<group>"; };
		99776BE1211234C8005B9C63 /* background.png */ = {isa = PBXFileReference; lastKnownFileType = image.png; path = background.png; sourceTree = "<group>"; };
		99A978A82113A790002E8A4F /* ExerciseTableViewCell.swift */ = {isa = PBXFileReference; lastKnownFileType = sourcecode.swift; path = ExerciseTableViewCell.swift; sourceTree = "<group>"; };
		99A978AF2114EFFD002E8A4F /* NewWorkoutViewController.swift */ = {isa = PBXFileReference; lastKnownFileType = sourcecode.swift; path = NewWorkoutViewController.swift; sourceTree = "<group>"; };
		99AB76B72113969000FC94A2 /* WorkoutsViewController.swift */ = {isa = PBXFileReference; lastKnownFileType = sourcecode.swift; path = WorkoutsViewController.swift; sourceTree = "<group>"; };
		99AB76B9211396BA00FC94A2 /* WorkoutTableViewCell.swift */ = {isa = PBXFileReference; lastKnownFileType = sourcecode.swift; path = WorkoutTableViewCell.swift; sourceTree = "<group>"; };
		99D3B5792110DCC400BC391A /* Storyboard+Extension.swift */ = {isa = PBXFileReference; lastKnownFileType = sourcecode.swift; path = "Storyboard+Extension.swift"; sourceTree = "<group>"; };
		99D80D2121064A1000716921 /* Kronos.app */ = {isa = PBXFileReference; explicitFileType = wrapper.application; includeInIndex = 0; path = Kronos.app; sourceTree = BUILT_PRODUCTS_DIR; };
		99D80D2421064A1000716921 /* AppDelegate.swift */ = {isa = PBXFileReference; lastKnownFileType = sourcecode.swift; path = AppDelegate.swift; sourceTree = "<group>"; };
		99D80D2921064A1000716921 /* Base */ = {isa = PBXFileReference; lastKnownFileType = file.storyboard; name = Base; path = Base.lproj/Main.storyboard; sourceTree = "<group>"; };
		99D80D2B21064A1100716921 /* Assets.xcassets */ = {isa = PBXFileReference; lastKnownFileType = folder.assetcatalog; path = Assets.xcassets; sourceTree = "<group>"; };
		99D80D2E21064A1100716921 /* Base */ = {isa = PBXFileReference; lastKnownFileType = file.storyboard; name = Base; path = Base.lproj/LaunchScreen.storyboard; sourceTree = "<group>"; };
		99D80D3021064A1100716921 /* Info.plist */ = {isa = PBXFileReference; lastKnownFileType = text.plist.xml; path = Info.plist; sourceTree = "<group>"; };
		99D80D3521064A1100716921 /* KronosTests.xctest */ = {isa = PBXFileReference; explicitFileType = wrapper.cfbundle; includeInIndex = 0; path = KronosTests.xctest; sourceTree = BUILT_PRODUCTS_DIR; };
		99D80D3921064A1100716921 /* KronosTests.swift */ = {isa = PBXFileReference; lastKnownFileType = sourcecode.swift; path = KronosTests.swift; sourceTree = "<group>"; };
		99D80D3B21064A1100716921 /* Info.plist */ = {isa = PBXFileReference; lastKnownFileType = text.plist.xml; path = Info.plist; sourceTree = "<group>"; };
		99D80D4021064A1100716921 /* KronosUITests.xctest */ = {isa = PBXFileReference; explicitFileType = wrapper.cfbundle; includeInIndex = 0; path = KronosUITests.xctest; sourceTree = BUILT_PRODUCTS_DIR; };
		99D80D4421064A1100716921 /* KronosUITests.swift */ = {isa = PBXFileReference; lastKnownFileType = sourcecode.swift; path = KronosUITests.swift; sourceTree = "<group>"; };
		99D80D4621064A1100716921 /* Info.plist */ = {isa = PBXFileReference; lastKnownFileType = text.plist.xml; path = Info.plist; sourceTree = "<group>"; };
		99E324EB21068F1E00BB3CC2 /* TimerViewController.swift */ = {isa = PBXFileReference; lastKnownFileType = sourcecode.swift; path = TimerViewController.swift; sourceTree = "<group>"; };
		99E324F22107CBC800BB3CC2 /* SecondsPerSetViewController.swift */ = {isa = PBXFileReference; lastKnownFileType = sourcecode.swift; path = SecondsPerSetViewController.swift; sourceTree = "<group>"; };
		99EE5E5321192D7E003E504C /* CollectionViewCell.swift */ = {isa = PBXFileReference; lastKnownFileType = sourcecode.swift; name = CollectionViewCell.swift; path = "Kronos/Table View Cells/CollectionViewCell.swift"; sourceTree = SOURCE_ROOT; };
		99EE5E5521192DC6003E504C /* CollectionViewController.swift */ = {isa = PBXFileReference; lastKnownFileType = sourcecode.swift; path = CollectionViewController.swift; sourceTree = "<group>"; };
		99F514E0210A84B000798833 /* UIView+Extension.swift */ = {isa = PBXFileReference; lastKnownFileType = sourcecode.swift; path = "UIView+Extension.swift"; sourceTree = "<group>"; };
		99F514E3210B720100798833 /* Constants.swift */ = {isa = PBXFileReference; lastKnownFileType = sourcecode.swift; path = Constants.swift; sourceTree = "<group>"; };
/* End PBXFileReference section */

/* Begin PBXFrameworksBuildPhase section */
		99D80D1E21064A1000716921 /* Frameworks */ = {
			isa = PBXFrameworksBuildPhase;
			buildActionMask = 2147483647;
			files = (
				68A8ACDE59F97F13F4C3321D /* Pods_Kronos.framework in Frameworks */,
			);
			runOnlyForDeploymentPostprocessing = 0;
		};
		99D80D3221064A1100716921 /* Frameworks */ = {
			isa = PBXFrameworksBuildPhase;
			buildActionMask = 2147483647;
			files = (
				D0DAB9DEE1CA44F47266ACA0 /* Pods_KronosTests.framework in Frameworks */,
			);
			runOnlyForDeploymentPostprocessing = 0;
		};
		99D80D3D21064A1100716921 /* Frameworks */ = {
			isa = PBXFrameworksBuildPhase;
			buildActionMask = 2147483647;
			files = (
				233979738CBC75BB895079DF /* Pods_KronosUITests.framework in Frameworks */,
			);
			runOnlyForDeploymentPostprocessing = 0;
		};
/* End PBXFrameworksBuildPhase section */

/* Begin PBXGroup section */
		992420532109252100148D38 /* Helpers */ = {
			isa = PBXGroup;
			children = (
				993C63EC2118E71F00056A48 /* MainNavigationViewController.swift */,
				992420512109251800148D38 /* CoreDataHelper.swift */,
			);
			path = Helpers;
			sourceTree = "<group>";
		};
		99AB76BB211396C000FC94A2 /* Table View Cells */ = {
			isa = PBXGroup;
			children = (
				99EE5E5321192D7E003E504C /* CollectionViewCell.swift */,
				99A978A82113A790002E8A4F /* ExerciseTableViewCell.swift */,
				9924204F2108F4FE00148D38 /* TableViewCell.swift */,
				99AB76B9211396BA00FC94A2 /* WorkoutTableViewCell.swift */,
			);
			path = "Table View Cells";
			sourceTree = "<group>";
		};
		99AF336421081E1A00593D18 /* Models */ = {
			isa = PBXGroup;
			children = (
			);
			path = Models;
			sourceTree = "<group>";
		};
		99AF336521081E2900593D18 /* Storyboards */ = {
			isa = PBXGroup;
			children = (
				99D80D2821064A1000716921 /* Main.storyboard */,
				99D80D2D21064A1100716921 /* LaunchScreen.storyboard */,
			);
			path = Storyboards;
			sourceTree = "<group>";
		};
		99D80D1821064A1000716921 = {
			isa = PBXGroup;
			children = (
				99D80D2321064A1000716921 /* Kronos */,
				99D80D3821064A1100716921 /* KronosTests */,
				99D80D4321064A1100716921 /* KronosUITests */,
				99D80D2221064A1000716921 /* Products */,
				FCA619258893FF2C4C8F12E6 /* Pods */,
				C8C5AE4DC9324B958B22CC98 /* Frameworks */,
			);
			sourceTree = "<group>";
		};
		99D80D2221064A1000716921 /* Products */ = {
			isa = PBXGroup;
			children = (
				99D80D2121064A1000716921 /* Kronos.app */,
				99D80D3521064A1100716921 /* KronosTests.xctest */,
				99D80D4021064A1100716921 /* KronosUITests.xctest */,
			);
			name = Products;
			sourceTree = "<group>";
		};
		99D80D2321064A1000716921 /* Kronos */ = {
			isa = PBXGroup;
			children = (
				99D80D2421064A1000716921 /* AppDelegate.swift */,
				99F514E2210B71AD00798833 /* Supporting Files */,
				99F514DF210A849400798833 /* Extensions */,
				992420532109252100148D38 /* Helpers */,
				99E324EF2107C92300BB3CC2 /* Controllers */,
				99AF336521081E2900593D18 /* Storyboards */,
				99AB76BB211396C000FC94A2 /* Table View Cells */,
				99AF336421081E1A00593D18 /* Models */,
				99D80D2B21064A1100716921 /* Assets.xcassets */,
			);
			path = Kronos;
			sourceTree = "<group>";
		};
		99D80D3821064A1100716921 /* KronosTests */ = {
			isa = PBXGroup;
			children = (
				99D80D3921064A1100716921 /* KronosTests.swift */,
				99D80D3B21064A1100716921 /* Info.plist */,
			);
			path = KronosTests;
			sourceTree = "<group>";
		};
		99D80D4321064A1100716921 /* KronosUITests */ = {
			isa = PBXGroup;
			children = (
				99D80D4421064A1100716921 /* KronosUITests.swift */,
				99D80D4621064A1100716921 /* Info.plist */,
			);
			path = KronosUITests;
			sourceTree = "<group>";
		};
		99E324EF2107C92300BB3CC2 /* Controllers */ = {
			isa = PBXGroup;
			children = (
				9954837B211E1BBF0031EB98 /* ThirdPartySoftwareViewController.swift */,
				99548379211E09110031EB98 /* SettingsTableViewController.swift */,
				99AB76B72113969000FC94A2 /* WorkoutsViewController.swift */,
				9924204D2108F2BD00148D38 /* ExercisesViewController.swift */,
				99E324EB21068F1E00BB3CC2 /* TimerViewController.swift */,
				99A978AF2114EFFD002E8A4F /* NewWorkoutViewController.swift */,
				9972F66D2113A63C00CE6E7C /* AddExercisesViewController.swift */,
				99E324F22107CBC800BB3CC2 /* SecondsPerSetViewController.swift */,
				99EE5E5521192DC6003E504C /* CollectionViewController.swift */,
			);
			path = Controllers;
			sourceTree = "<group>";
		};
		99F514DF210A849400798833 /* Extensions */ = {
			isa = PBXGroup;
			children = (
				99F514E0210A84B000798833 /* UIView+Extension.swift */,
				99D3B5792110DCC400BC391A /* Storyboard+Extension.swift */,
			);
			path = Extensions;
			sourceTree = "<group>";
		};
		99F514E2210B71AD00798833 /* Supporting Files */ = {
			isa = PBXGroup;
			children = (
				99776BE1211234C8005B9C63 /* background.png */,
				99776BDF211234C8005B9C63 /* background@2x.png */,
				99776BE0211234C8005B9C63 /* background@3x.png */,
				9924204A2108E68600148D38 /* Kronos.xcdatamodeld */,
				99D80D3021064A1100716921 /* Info.plist */,
				99F514E3210B720100798833 /* Constants.swift */,
			);
			path = "Supporting Files";
			sourceTree = "<group>";
		};
		C8C5AE4DC9324B958B22CC98 /* Frameworks */ = {
			isa = PBXGroup;
			children = (
				3936D797434DE72A04D376AD /* Pods_Kronos.framework */,
				91F4BD832340890A09385CBF /* Pods_KronosTests.framework */,
				4DEBD48E60D2133234D3B8DA /* Pods_KronosUITests.framework */,
			);
			name = Frameworks;
			sourceTree = "<group>";
		};
		FCA619258893FF2C4C8F12E6 /* Pods */ = {
			isa = PBXGroup;
			children = (
				55F19679565A3EF51699DF36 /* Pods-Kronos.debug.xcconfig */,
				5478D6FEFCBC396E32198432 /* Pods-Kronos.release.xcconfig */,
				02C1A96A0B6EC265D628CA8D /* Pods-KronosTests.debug.xcconfig */,
				04405AD5D95720B9549EA31B /* Pods-KronosTests.release.xcconfig */,
				55D021CC023B1C4B689292D1 /* Pods-KronosUITests.debug.xcconfig */,
				7048364AB978303D7D8B37E1 /* Pods-KronosUITests.release.xcconfig */,
			);
			name = Pods;
			sourceTree = "<group>";
		};
/* End PBXGroup section */

/* Begin PBXNativeTarget section */
		99D80D2021064A1000716921 /* Kronos */ = {
			isa = PBXNativeTarget;
			buildConfigurationList = 99D80D4921064A1100716921 /* Build configuration list for PBXNativeTarget "Kronos" */;
			buildPhases = (
				BEE2AF103D7F50AC9BE2E424 /* [CP] Check Pods Manifest.lock */,
				99D80D1D21064A1000716921 /* Sources */,
				99D80D1E21064A1000716921 /* Frameworks */,
				99D80D1F21064A1000716921 /* Resources */,
				83627DED691CC9EB419C79EC /* [CP] Embed Pods Frameworks */,
			);
			buildRules = (
			);
			dependencies = (
			);
			name = Kronos;
			productName = Kronos;
			productReference = 99D80D2121064A1000716921 /* Kronos.app */;
			productType = "com.apple.product-type.application";
		};
		99D80D3421064A1100716921 /* KronosTests */ = {
			isa = PBXNativeTarget;
			buildConfigurationList = 99D80D4C21064A1100716921 /* Build configuration list for PBXNativeTarget "KronosTests" */;
			buildPhases = (
				B7D296CFF65D0E0D1E09810B /* [CP] Check Pods Manifest.lock */,
				99D80D3121064A1100716921 /* Sources */,
				99D80D3221064A1100716921 /* Frameworks */,
				99D80D3321064A1100716921 /* Resources */,
			);
			buildRules = (
			);
			dependencies = (
				99D80D3721064A1100716921 /* PBXTargetDependency */,
			);
			name = KronosTests;
			productName = KronosTests;
			productReference = 99D80D3521064A1100716921 /* KronosTests.xctest */;
			productType = "com.apple.product-type.bundle.unit-test";
		};
		99D80D3F21064A1100716921 /* KronosUITests */ = {
			isa = PBXNativeTarget;
			buildConfigurationList = 99D80D4F21064A1100716921 /* Build configuration list for PBXNativeTarget "KronosUITests" */;
			buildPhases = (
				C215F10115D5DA13E99B0593 /* [CP] Check Pods Manifest.lock */,
				99D80D3C21064A1100716921 /* Sources */,
				99D80D3D21064A1100716921 /* Frameworks */,
				99D80D3E21064A1100716921 /* Resources */,
			);
			buildRules = (
			);
			dependencies = (
				99D80D4221064A1100716921 /* PBXTargetDependency */,
			);
			name = KronosUITests;
			productName = KronosUITests;
			productReference = 99D80D4021064A1100716921 /* KronosUITests.xctest */;
			productType = "com.apple.product-type.bundle.ui-testing";
		};
/* End PBXNativeTarget section */

/* Begin PBXProject section */
		99D80D1921064A1000716921 /* Project object */ = {
			isa = PBXProject;
			attributes = {
				LastSwiftUpdateCheck = 0940;
				LastUpgradeCheck = 0940;
				ORGANIZATIONNAME = adameliezerov;
				TargetAttributes = {
					99D80D2021064A1000716921 = {
						CreatedOnToolsVersion = 9.4.1;
					};
					99D80D3421064A1100716921 = {
						CreatedOnToolsVersion = 9.4.1;
						TestTargetID = 99D80D2021064A1000716921;
					};
					99D80D3F21064A1100716921 = {
						CreatedOnToolsVersion = 9.4.1;
						TestTargetID = 99D80D2021064A1000716921;
					};
				};
			};
			buildConfigurationList = 99D80D1C21064A1000716921 /* Build configuration list for PBXProject "Kronos" */;
			compatibilityVersion = "Xcode 9.3";
			developmentRegion = en;
			hasScannedForEncodings = 0;
			knownRegions = (
				en,
				Base,
			);
			mainGroup = 99D80D1821064A1000716921;
			productRefGroup = 99D80D2221064A1000716921 /* Products */;
			projectDirPath = "";
			projectRoot = "";
			targets = (
				99D80D2021064A1000716921 /* Kronos */,
				99D80D3421064A1100716921 /* KronosTests */,
				99D80D3F21064A1100716921 /* KronosUITests */,
			);
		};
/* End PBXProject section */

/* Begin PBXResourcesBuildPhase section */
		99D80D1F21064A1000716921 /* Resources */ = {
			isa = PBXResourcesBuildPhase;
			buildActionMask = 2147483647;
			files = (
				99D80D2F21064A1100716921 /* LaunchScreen.storyboard in Resources */,
				99D80D2C21064A1100716921 /* Assets.xcassets in Resources */,
				99D80D2A21064A1000716921 /* Main.storyboard in Resources */,
				99776BE2211234C9005B9C63 /* background@2x.png in Resources */,
				99776BE3211234C9005B9C63 /* background@3x.png in Resources */,
				99776BE4211234C9005B9C63 /* background.png in Resources */,
			);
			runOnlyForDeploymentPostprocessing = 0;
		};
		99D80D3321064A1100716921 /* Resources */ = {
			isa = PBXResourcesBuildPhase;
			buildActionMask = 2147483647;
			files = (
			);
			runOnlyForDeploymentPostprocessing = 0;
		};
		99D80D3E21064A1100716921 /* Resources */ = {
			isa = PBXResourcesBuildPhase;
			buildActionMask = 2147483647;
			files = (
			);
			runOnlyForDeploymentPostprocessing = 0;
		};
/* End PBXResourcesBuildPhase section */

/* Begin PBXShellScriptBuildPhase section */
		83627DED691CC9EB419C79EC /* [CP] Embed Pods Frameworks */ = {
			isa = PBXShellScriptBuildPhase;
			buildActionMask = 2147483647;
			files = (
			);
			inputPaths = (
				"${SRCROOT}/Pods/Target Support Files/Pods-Kronos/Pods-Kronos-frameworks.sh",
				"${BUILT_PRODUCTS_DIR}/AutoInsetter/AutoInsetter.framework",
				"${BUILT_PRODUCTS_DIR}/MKRingProgressView/MKRingProgressView.framework",
				"${BUILT_PRODUCTS_DIR}/Pageboy/Pageboy.framework",
				"${BUILT_PRODUCTS_DIR}/Spring/Spring.framework",
				"${BUILT_PRODUCTS_DIR}/Tabman/Tabman.framework",
				"${BUILT_PRODUCTS_DIR}/TransitionButton/TransitionButton.framework",
				"${BUILT_PRODUCTS_DIR}/UIColor_Hex_Swift/UIColor_Hex_Swift.framework",
			);
			name = "[CP] Embed Pods Frameworks";
			outputPaths = (
				"${TARGET_BUILD_DIR}/${FRAMEWORKS_FOLDER_PATH}/AutoInsetter.framework",
				"${TARGET_BUILD_DIR}/${FRAMEWORKS_FOLDER_PATH}/MKRingProgressView.framework",
				"${TARGET_BUILD_DIR}/${FRAMEWORKS_FOLDER_PATH}/Pageboy.framework",
				"${TARGET_BUILD_DIR}/${FRAMEWORKS_FOLDER_PATH}/Spring.framework",
				"${TARGET_BUILD_DIR}/${FRAMEWORKS_FOLDER_PATH}/Tabman.framework",
				"${TARGET_BUILD_DIR}/${FRAMEWORKS_FOLDER_PATH}/TransitionButton.framework",
				"${TARGET_BUILD_DIR}/${FRAMEWORKS_FOLDER_PATH}/UIColor_Hex_Swift.framework",
			);
			runOnlyForDeploymentPostprocessing = 0;
			shellPath = /bin/sh;
			shellScript = "\"${SRCROOT}/Pods/Target Support Files/Pods-Kronos/Pods-Kronos-frameworks.sh\"\n";
			showEnvVarsInLog = 0;
		};
		B7D296CFF65D0E0D1E09810B /* [CP] Check Pods Manifest.lock */ = {
			isa = PBXShellScriptBuildPhase;
			buildActionMask = 2147483647;
			files = (
			);
			inputPaths = (
				"${PODS_PODFILE_DIR_PATH}/Podfile.lock",
				"${PODS_ROOT}/Manifest.lock",
			);
			name = "[CP] Check Pods Manifest.lock";
			outputPaths = (
				"$(DERIVED_FILE_DIR)/Pods-KronosTests-checkManifestLockResult.txt",
			);
			runOnlyForDeploymentPostprocessing = 0;
			shellPath = /bin/sh;
			shellScript = "diff \"${PODS_PODFILE_DIR_PATH}/Podfile.lock\" \"${PODS_ROOT}/Manifest.lock\" > /dev/null\nif [ $? != 0 ] ; then\n    # print error to STDERR\n    echo \"error: The sandbox is not in sync with the Podfile.lock. Run 'pod install' or update your CocoaPods installation.\" >&2\n    exit 1\nfi\n# This output is used by Xcode 'outputs' to avoid re-running this script phase.\necho \"SUCCESS\" > \"${SCRIPT_OUTPUT_FILE_0}\"\n";
			showEnvVarsInLog = 0;
		};
		BEE2AF103D7F50AC9BE2E424 /* [CP] Check Pods Manifest.lock */ = {
			isa = PBXShellScriptBuildPhase;
			buildActionMask = 2147483647;
			files = (
			);
			inputPaths = (
				"${PODS_PODFILE_DIR_PATH}/Podfile.lock",
				"${PODS_ROOT}/Manifest.lock",
			);
			name = "[CP] Check Pods Manifest.lock";
			outputPaths = (
				"$(DERIVED_FILE_DIR)/Pods-Kronos-checkManifestLockResult.txt",
			);
			runOnlyForDeploymentPostprocessing = 0;
			shellPath = /bin/sh;
			shellScript = "diff \"${PODS_PODFILE_DIR_PATH}/Podfile.lock\" \"${PODS_ROOT}/Manifest.lock\" > /dev/null\nif [ $? != 0 ] ; then\n    # print error to STDERR\n    echo \"error: The sandbox is not in sync with the Podfile.lock. Run 'pod install' or update your CocoaPods installation.\" >&2\n    exit 1\nfi\n# This output is used by Xcode 'outputs' to avoid re-running this script phase.\necho \"SUCCESS\" > \"${SCRIPT_OUTPUT_FILE_0}\"\n";
			showEnvVarsInLog = 0;
		};
		C215F10115D5DA13E99B0593 /* [CP] Check Pods Manifest.lock */ = {
			isa = PBXShellScriptBuildPhase;
			buildActionMask = 2147483647;
			files = (
			);
			inputPaths = (
				"${PODS_PODFILE_DIR_PATH}/Podfile.lock",
				"${PODS_ROOT}/Manifest.lock",
			);
			name = "[CP] Check Pods Manifest.lock";
			outputPaths = (
				"$(DERIVED_FILE_DIR)/Pods-KronosUITests-checkManifestLockResult.txt",
			);
			runOnlyForDeploymentPostprocessing = 0;
			shellPath = /bin/sh;
			shellScript = "diff \"${PODS_PODFILE_DIR_PATH}/Podfile.lock\" \"${PODS_ROOT}/Manifest.lock\" > /dev/null\nif [ $? != 0 ] ; then\n    # print error to STDERR\n    echo \"error: The sandbox is not in sync with the Podfile.lock. Run 'pod install' or update your CocoaPods installation.\" >&2\n    exit 1\nfi\n# This output is used by Xcode 'outputs' to avoid re-running this script phase.\necho \"SUCCESS\" > \"${SCRIPT_OUTPUT_FILE_0}\"\n";
			showEnvVarsInLog = 0;
		};
/* End PBXShellScriptBuildPhase section */

/* Begin PBXSourcesBuildPhase section */
		99D80D1D21064A1000716921 /* Sources */ = {
			isa = PBXSourcesBuildPhase;
			buildActionMask = 2147483647;
			files = (
				9972F66E2113A63C00CE6E7C /* AddExercisesViewController.swift in Sources */,
				99A978A92113A790002E8A4F /* ExerciseTableViewCell.swift in Sources */,
				99EE5E5421192D7E003E504C /* CollectionViewCell.swift in Sources */,
				99E324F32107CBC800BB3CC2 /* SecondsPerSetViewController.swift in Sources */,
				992420502108F4FE00148D38 /* TableViewCell.swift in Sources */,
				99AB76B82113969000FC94A2 /* WorkoutsViewController.swift in Sources */,
				993C63ED2118E71F00056A48 /* MainNavigationViewController.swift in Sources */,
				99D3B57A2110DCC400BC391A /* Storyboard+Extension.swift in Sources */,
				99AB76BA211396BA00FC94A2 /* WorkoutTableViewCell.swift in Sources */,
				992420522109251800148D38 /* CoreDataHelper.swift in Sources */,
				9954837C211E1BBF0031EB98 /* ThirdPartySoftwareViewController.swift in Sources */,
				99F514E1210A84B000798833 /* UIView+Extension.swift in Sources */,
				99EE5E5621192DC6003E504C /* CollectionViewController.swift in Sources */,
				99F514E4210B720100798833 /* Constants.swift in Sources */,
				99E324EC21068F1E00BB3CC2 /* TimerViewController.swift in Sources */,
				99D80D2521064A1000716921 /* AppDelegate.swift in Sources */,
				99A978B02114EFFD002E8A4F /* NewWorkoutViewController.swift in Sources */,
				9954837A211E09110031EB98 /* SettingsTableViewController.swift in Sources */,
				9924204E2108F2BD00148D38 /* ExercisesViewController.swift in Sources */,
				9924204C2108E68600148D38 /* Kronos.xcdatamodeld in Sources */,
			);
			runOnlyForDeploymentPostprocessing = 0;
		};
		99D80D3121064A1100716921 /* Sources */ = {
			isa = PBXSourcesBuildPhase;
			buildActionMask = 2147483647;
			files = (
				99D80D3A21064A1100716921 /* KronosTests.swift in Sources */,
			);
			runOnlyForDeploymentPostprocessing = 0;
		};
		99D80D3C21064A1100716921 /* Sources */ = {
			isa = PBXSourcesBuildPhase;
			buildActionMask = 2147483647;
			files = (
				99D80D4521064A1100716921 /* KronosUITests.swift in Sources */,
			);
			runOnlyForDeploymentPostprocessing = 0;
		};
/* End PBXSourcesBuildPhase section */

/* Begin PBXTargetDependency section */
		99D80D3721064A1100716921 /* PBXTargetDependency */ = {
			isa = PBXTargetDependency;
			target = 99D80D2021064A1000716921 /* Kronos */;
			targetProxy = 99D80D3621064A1100716921 /* PBXContainerItemProxy */;
		};
		99D80D4221064A1100716921 /* PBXTargetDependency */ = {
			isa = PBXTargetDependency;
			target = 99D80D2021064A1000716921 /* Kronos */;
			targetProxy = 99D80D4121064A1100716921 /* PBXContainerItemProxy */;
		};
/* End PBXTargetDependency section */

/* Begin PBXVariantGroup section */
		99D80D2821064A1000716921 /* Main.storyboard */ = {
			isa = PBXVariantGroup;
			children = (
				99D80D2921064A1000716921 /* Base */,
			);
			name = Main.storyboard;
			sourceTree = "<group>";
		};
		99D80D2D21064A1100716921 /* LaunchScreen.storyboard */ = {
			isa = PBXVariantGroup;
			children = (
				99D80D2E21064A1100716921 /* Base */,
			);
			name = LaunchScreen.storyboard;
			sourceTree = "<group>";
		};
/* End PBXVariantGroup section */

/* Begin XCBuildConfiguration section */
		99D80D4721064A1100716921 /* Debug */ = {
			isa = XCBuildConfiguration;
			buildSettings = {
				ALWAYS_SEARCH_USER_PATHS = NO;
				CLANG_ANALYZER_NONNULL = YES;
				CLANG_ANALYZER_NUMBER_OBJECT_CONVERSION = YES_AGGRESSIVE;
				CLANG_CXX_LANGUAGE_STANDARD = "gnu++14";
				CLANG_CXX_LIBRARY = "libc++";
				CLANG_ENABLE_MODULES = YES;
				CLANG_ENABLE_OBJC_ARC = YES;
				CLANG_ENABLE_OBJC_WEAK = YES;
				CLANG_WARN_BLOCK_CAPTURE_AUTORELEASING = YES;
				CLANG_WARN_BOOL_CONVERSION = YES;
				CLANG_WARN_COMMA = YES;
				CLANG_WARN_CONSTANT_CONVERSION = YES;
				CLANG_WARN_DEPRECATED_OBJC_IMPLEMENTATIONS = YES;
				CLANG_WARN_DIRECT_OBJC_ISA_USAGE = YES_ERROR;
				CLANG_WARN_DOCUMENTATION_COMMENTS = YES;
				CLANG_WARN_EMPTY_BODY = YES;
				CLANG_WARN_ENUM_CONVERSION = YES;
				CLANG_WARN_INFINITE_RECURSION = YES;
				CLANG_WARN_INT_CONVERSION = YES;
				CLANG_WARN_NON_LITERAL_NULL_CONVERSION = YES;
				CLANG_WARN_OBJC_IMPLICIT_RETAIN_SELF = YES;
				CLANG_WARN_OBJC_LITERAL_CONVERSION = YES;
				CLANG_WARN_OBJC_ROOT_CLASS = YES_ERROR;
				CLANG_WARN_RANGE_LOOP_ANALYSIS = YES;
				CLANG_WARN_STRICT_PROTOTYPES = YES;
				CLANG_WARN_SUSPICIOUS_MOVE = YES;
				CLANG_WARN_UNGUARDED_AVAILABILITY = YES_AGGRESSIVE;
				CLANG_WARN_UNREACHABLE_CODE = YES;
				CLANG_WARN__DUPLICATE_METHOD_MATCH = YES;
				CODE_SIGN_IDENTITY = "iPhone Developer";
				COPY_PHASE_STRIP = NO;
				DEBUG_INFORMATION_FORMAT = dwarf;
				ENABLE_STRICT_OBJC_MSGSEND = YES;
				ENABLE_TESTABILITY = YES;
				GCC_C_LANGUAGE_STANDARD = gnu11;
				GCC_DYNAMIC_NO_PIC = NO;
				GCC_NO_COMMON_BLOCKS = YES;
				GCC_OPTIMIZATION_LEVEL = 0;
				GCC_PREPROCESSOR_DEFINITIONS = (
					"DEBUG=1",
					"$(inherited)",
				);
				GCC_WARN_64_TO_32_BIT_CONVERSION = YES;
				GCC_WARN_ABOUT_RETURN_TYPE = YES_ERROR;
				GCC_WARN_UNDECLARED_SELECTOR = YES;
				GCC_WARN_UNINITIALIZED_AUTOS = YES_AGGRESSIVE;
				GCC_WARN_UNUSED_FUNCTION = YES;
				GCC_WARN_UNUSED_VARIABLE = YES;
				IPHONEOS_DEPLOYMENT_TARGET = 11.4;
				MTL_ENABLE_DEBUG_INFO = YES;
				ONLY_ACTIVE_ARCH = YES;
				SDKROOT = iphoneos;
				SWIFT_ACTIVE_COMPILATION_CONDITIONS = DEBUG;
				SWIFT_OPTIMIZATION_LEVEL = "-Onone";
			};
			name = Debug;
		};
		99D80D4821064A1100716921 /* Release */ = {
			isa = XCBuildConfiguration;
			buildSettings = {
				ALWAYS_SEARCH_USER_PATHS = NO;
				CLANG_ANALYZER_NONNULL = YES;
				CLANG_ANALYZER_NUMBER_OBJECT_CONVERSION = YES_AGGRESSIVE;
				CLANG_CXX_LANGUAGE_STANDARD = "gnu++14";
				CLANG_CXX_LIBRARY = "libc++";
				CLANG_ENABLE_MODULES = YES;
				CLANG_ENABLE_OBJC_ARC = YES;
				CLANG_ENABLE_OBJC_WEAK = YES;
				CLANG_WARN_BLOCK_CAPTURE_AUTORELEASING = YES;
				CLANG_WARN_BOOL_CONVERSION = YES;
				CLANG_WARN_COMMA = YES;
				CLANG_WARN_CONSTANT_CONVERSION = YES;
				CLANG_WARN_DEPRECATED_OBJC_IMPLEMENTATIONS = YES;
				CLANG_WARN_DIRECT_OBJC_ISA_USAGE = YES_ERROR;
				CLANG_WARN_DOCUMENTATION_COMMENTS = YES;
				CLANG_WARN_EMPTY_BODY = YES;
				CLANG_WARN_ENUM_CONVERSION = YES;
				CLANG_WARN_INFINITE_RECURSION = YES;
				CLANG_WARN_INT_CONVERSION = YES;
				CLANG_WARN_NON_LITERAL_NULL_CONVERSION = YES;
				CLANG_WARN_OBJC_IMPLICIT_RETAIN_SELF = YES;
				CLANG_WARN_OBJC_LITERAL_CONVERSION = YES;
				CLANG_WARN_OBJC_ROOT_CLASS = YES_ERROR;
				CLANG_WARN_RANGE_LOOP_ANALYSIS = YES;
				CLANG_WARN_STRICT_PROTOTYPES = YES;
				CLANG_WARN_SUSPICIOUS_MOVE = YES;
				CLANG_WARN_UNGUARDED_AVAILABILITY = YES_AGGRESSIVE;
				CLANG_WARN_UNREACHABLE_CODE = YES;
				CLANG_WARN__DUPLICATE_METHOD_MATCH = YES;
				CODE_SIGN_IDENTITY = "iPhone Developer";
				COPY_PHASE_STRIP = NO;
				DEBUG_INFORMATION_FORMAT = "dwarf-with-dsym";
				ENABLE_NS_ASSERTIONS = NO;
				ENABLE_STRICT_OBJC_MSGSEND = YES;
				GCC_C_LANGUAGE_STANDARD = gnu11;
				GCC_NO_COMMON_BLOCKS = YES;
				GCC_WARN_64_TO_32_BIT_CONVERSION = YES;
				GCC_WARN_ABOUT_RETURN_TYPE = YES_ERROR;
				GCC_WARN_UNDECLARED_SELECTOR = YES;
				GCC_WARN_UNINITIALIZED_AUTOS = YES_AGGRESSIVE;
				GCC_WARN_UNUSED_FUNCTION = YES;
				GCC_WARN_UNUSED_VARIABLE = YES;
				IPHONEOS_DEPLOYMENT_TARGET = 11.4;
				MTL_ENABLE_DEBUG_INFO = NO;
				SDKROOT = iphoneos;
				SWIFT_COMPILATION_MODE = wholemodule;
				SWIFT_OPTIMIZATION_LEVEL = "-O";
				VALIDATE_PRODUCT = YES;
			};
			name = Release;
		};
		99D80D4A21064A1100716921 /* Debug */ = {
			isa = XCBuildConfiguration;
			baseConfigurationReference = 55F19679565A3EF51699DF36 /* Pods-Kronos.debug.xcconfig */;
			buildSettings = {
				ASSETCATALOG_COMPILER_APPICON_NAME = AppIcon;
				CODE_SIGN_IDENTITY = "iPhone Developer";
				CODE_SIGN_STYLE = Automatic;
				DEVELOPMENT_TEAM = Z28CSUK723;
				INFOPLIST_FILE = "$(SRCROOT)/Kronos/Supporting Files/Info.plist";
				IPHONEOS_DEPLOYMENT_TARGET = 11.0;
				LD_RUNPATH_SEARCH_PATHS = (
					"$(inherited)",
					"@executable_path/Frameworks",
				);
				PRODUCT_BUNDLE_IDENTIFIER = com.adameliezerov.Kronos;
				PRODUCT_NAME = "$(TARGET_NAME)";
				PROVISIONING_PROFILE_SPECIFIER = "";
				SWIFT_VERSION = 4.0;
				TARGETED_DEVICE_FAMILY = "1,2";
			};
			name = Debug;
		};
		99D80D4B21064A1100716921 /* Release */ = {
			isa = XCBuildConfiguration;
			baseConfigurationReference = 5478D6FEFCBC396E32198432 /* Pods-Kronos.release.xcconfig */;
			buildSettings = {
				ASSETCATALOG_COMPILER_APPICON_NAME = AppIcon;
				CODE_SIGN_IDENTITY = "iPhone Developer";
				CODE_SIGN_STYLE = Automatic;
				DEVELOPMENT_TEAM = Z28CSUK723;
				INFOPLIST_FILE = "$(SRCROOT)/Kronos/Supporting Files/Info.plist";
				IPHONEOS_DEPLOYMENT_TARGET = 11.0;
				LD_RUNPATH_SEARCH_PATHS = (
					"$(inherited)",
					"@executable_path/Frameworks",
				);
				PRODUCT_BUNDLE_IDENTIFIER = com.adameliezerov.Kronos;
				PRODUCT_NAME = "$(TARGET_NAME)";
				PROVISIONING_PROFILE_SPECIFIER = "";
				SWIFT_VERSION = 4.0;
				TARGETED_DEVICE_FAMILY = "1,2";
			};
			name = Release;
		};
		99D80D4D21064A1100716921 /* Debug */ = {
			isa = XCBuildConfiguration;
			baseConfigurationReference = 02C1A96A0B6EC265D628CA8D /* Pods-KronosTests.debug.xcconfig */;
			buildSettings = {
				ALWAYS_EMBED_SWIFT_STANDARD_LIBRARIES = YES;
				BUNDLE_LOADER = "$(TEST_HOST)";
				CODE_SIGN_STYLE = Automatic;
				DEVELOPMENT_TEAM = Z28CSUK723;
				INFOPLIST_FILE = KronosTests/Info.plist;
				LD_RUNPATH_SEARCH_PATHS = (
					"$(inherited)",
					"@executable_path/Frameworks",
					"@loader_path/Frameworks",
				);
				PRODUCT_BUNDLE_IDENTIFIER = com.adameliezerov.KronosTests;
				PRODUCT_NAME = "$(TARGET_NAME)";
				SWIFT_VERSION = 4.0;
				TARGETED_DEVICE_FAMILY = "1,2";
				TEST_HOST = "$(BUILT_PRODUCTS_DIR)/Kronos.app/Kronos";
			};
			name = Debug;
		};
		99D80D4E21064A1100716921 /* Release */ = {
			isa = XCBuildConfiguration;
			baseConfigurationReference = 04405AD5D95720B9549EA31B /* Pods-KronosTests.release.xcconfig */;
			buildSettings = {
				ALWAYS_EMBED_SWIFT_STANDARD_LIBRARIES = YES;
				BUNDLE_LOADER = "$(TEST_HOST)";
				CODE_SIGN_STYLE = Automatic;
				DEVELOPMENT_TEAM = Z28CSUK723;
				INFOPLIST_FILE = KronosTests/Info.plist;
				LD_RUNPATH_SEARCH_PATHS = (
					"$(inherited)",
					"@executable_path/Frameworks",
					"@loader_path/Frameworks",
				);
				PRODUCT_BUNDLE_IDENTIFIER = com.adameliezerov.KronosTests;
				PRODUCT_NAME = "$(TARGET_NAME)";
				SWIFT_VERSION = 4.0;
				TARGETED_DEVICE_FAMILY = "1,2";
				TEST_HOST = "$(BUILT_PRODUCTS_DIR)/Kronos.app/Kronos";
			};
			name = Release;
		};
		99D80D5021064A1100716921 /* Debug */ = {
			isa = XCBuildConfiguration;
			baseConfigurationReference = 55D021CC023B1C4B689292D1 /* Pods-KronosUITests.debug.xcconfig */;
			buildSettings = {
				ALWAYS_EMBED_SWIFT_STANDARD_LIBRARIES = YES;
				CODE_SIGN_STYLE = Automatic;
				DEVELOPMENT_TEAM = Z28CSUK723;
				INFOPLIST_FILE = KronosUITests/Info.plist;
				LD_RUNPATH_SEARCH_PATHS = (
					"$(inherited)",
					"@executable_path/Frameworks",
					"@loader_path/Frameworks",
				);
				PRODUCT_BUNDLE_IDENTIFIER = com.adameliezerov.KronosUITests;
				PRODUCT_NAME = "$(TARGET_NAME)";
				SWIFT_VERSION = 4.0;
				TARGETED_DEVICE_FAMILY = "1,2";
				TEST_TARGET_NAME = Kronos;
			};
			name = Debug;
		};
		99D80D5121064A1100716921 /* Release */ = {
			isa = XCBuildConfiguration;
			baseConfigurationReference = 7048364AB978303D7D8B37E1 /* Pods-KronosUITests.release.xcconfig */;
			buildSettings = {
				ALWAYS_EMBED_SWIFT_STANDARD_LIBRARIES = YES;
				CODE_SIGN_STYLE = Automatic;
				DEVELOPMENT_TEAM = Z28CSUK723;
				INFOPLIST_FILE = KronosUITests/Info.plist;
				LD_RUNPATH_SEARCH_PATHS = (
					"$(inherited)",
					"@executable_path/Frameworks",
					"@loader_path/Frameworks",
				);
				PRODUCT_BUNDLE_IDENTIFIER = com.adameliezerov.KronosUITests;
				PRODUCT_NAME = "$(TARGET_NAME)";
				SWIFT_VERSION = 4.0;
				TARGETED_DEVICE_FAMILY = "1,2";
				TEST_TARGET_NAME = Kronos;
			};
			name = Release;
		};
/* End XCBuildConfiguration section */

/* Begin XCConfigurationList section */
		99D80D1C21064A1000716921 /* Build configuration list for PBXProject "Kronos" */ = {
			isa = XCConfigurationList;
			buildConfigurations = (
				99D80D4721064A1100716921 /* Debug */,
				99D80D4821064A1100716921 /* Release */,
			);
			defaultConfigurationIsVisible = 0;
			defaultConfigurationName = Release;
		};
		99D80D4921064A1100716921 /* Build configuration list for PBXNativeTarget "Kronos" */ = {
			isa = XCConfigurationList;
			buildConfigurations = (
				99D80D4A21064A1100716921 /* Debug */,
				99D80D4B21064A1100716921 /* Release */,
			);
			defaultConfigurationIsVisible = 0;
			defaultConfigurationName = Release;
		};
		99D80D4C21064A1100716921 /* Build configuration list for PBXNativeTarget "KronosTests" */ = {
			isa = XCConfigurationList;
			buildConfigurations = (
				99D80D4D21064A1100716921 /* Debug */,
				99D80D4E21064A1100716921 /* Release */,
			);
			defaultConfigurationIsVisible = 0;
			defaultConfigurationName = Release;
		};
		99D80D4F21064A1100716921 /* Build configuration list for PBXNativeTarget "KronosUITests" */ = {
			isa = XCConfigurationList;
			buildConfigurations = (
				99D80D5021064A1100716921 /* Debug */,
				99D80D5121064A1100716921 /* Release */,
			);
			defaultConfigurationIsVisible = 0;
			defaultConfigurationName = Release;
		};
/* End XCConfigurationList section */

/* Begin XCVersionGroup section */
		9924204A2108E68600148D38 /* Kronos.xcdatamodeld */ = {
			isa = XCVersionGroup;
			children = (
				9924204B2108E68600148D38 /* Kronos.xcdatamodel */,
			);
			currentVersion = 9924204B2108E68600148D38 /* Kronos.xcdatamodel */;
			path = Kronos.xcdatamodeld;
			sourceTree = "<group>";
			versionGroupType = wrapper.xcdatamodel;
		};
/* End XCVersionGroup section */
	};
	rootObject = 99D80D1921064A1000716921 /* Project object */;
}
